// !$*UTF8*$!
{
	archiveVersion = 1;
	classes = {
	};
	objectVersion = 50;
	objects = {

/* Begin PBXBuildFile section */
		A9333D5F250D886D00B8FE69 /* AppDelegate.swift in Sources */ = {isa = PBXBuildFile; fileRef = A9333D5E250D886D00B8FE69 /* AppDelegate.swift */; };
		A9333D61250D886D00B8FE69 /* SceneDelegate.swift in Sources */ = {isa = PBXBuildFile; fileRef = A9333D60250D886D00B8FE69 /* SceneDelegate.swift */; };
		A9333D63250D886D00B8FE69 /* ContentView.swift in Sources */ = {isa = PBXBuildFile; fileRef = A9333D62250D886D00B8FE69 /* ContentView.swift */; };
		A9333D65250D887000B8FE69 /* Assets.xcassets in Resources */ = {isa = PBXBuildFile; fileRef = A9333D64250D887000B8FE69 /* Assets.xcassets */; };
		A9333D68250D887000B8FE69 /* Preview Assets.xcassets in Resources */ = {isa = PBXBuildFile; fileRef = A9333D67250D887000B8FE69 /* Preview Assets.xcassets */; };
		A9333D6B250D887000B8FE69 /* LaunchScreen.storyboard in Resources */ = {isa = PBXBuildFile; fileRef = A9333D69250D887000B8FE69 /* LaunchScreen.storyboard */; };
		A9333D76250D887000B8FE69 /* HapticMetronomeTests.swift in Sources */ = {isa = PBXBuildFile; fileRef = A9333D75250D887000B8FE69 /* HapticMetronomeTests.swift */; };
/* End PBXBuildFile section */

/* Begin PBXContainerItemProxy section */
		A9333D72250D887000B8FE69 /* PBXContainerItemProxy */ = {
			isa = PBXContainerItemProxy;
			containerPortal = A9333D53250D886D00B8FE69 /* Project object */;
			proxyType = 1;
			remoteGlobalIDString = A9333D5A250D886D00B8FE69;
			remoteInfo = HapticMetronome;
		};
/* End PBXContainerItemProxy section */

/* Begin PBXFileReference section */
		A9333D5B250D886D00B8FE69 /* HapticMetronome.app */ = {isa = PBXFileReference; explicitFileType = wrapper.application; includeInIndex = 0; path = HapticMetronome.app; sourceTree = BUILT_PRODUCTS_DIR; };
		A9333D5E250D886D00B8FE69 /* AppDelegate.swift */ = {isa = PBXFileReference; lastKnownFileType = sourcecode.swift; path = AppDelegate.swift; sourceTree = "<group>"; };
		A9333D60250D886D00B8FE69 /* SceneDelegate.swift */ = {isa = PBXFileReference; lastKnownFileType = sourcecode.swift; path = SceneDelegate.swift; sourceTree = "<group>"; };
		A9333D62250D886D00B8FE69 /* ContentView.swift */ = {isa = PBXFileReference; lastKnownFileType = sourcecode.swift; path = ContentView.swift; sourceTree = "<group>"; };
		A9333D64250D887000B8FE69 /* Assets.xcassets */ = {isa = PBXFileReference; lastKnownFileType = folder.assetcatalog; path = Assets.xcassets; sourceTree = "<group>"; };
		A9333D67250D887000B8FE69 /* Preview Assets.xcassets */ = {isa = PBXFileReference; lastKnownFileType = folder.assetcatalog; path = "Preview Assets.xcassets"; sourceTree = "<group>"; };
		A9333D6A250D887000B8FE69 /* Base */ = {isa = PBXFileReference; lastKnownFileType = file.storyboard; name = Base; path = Base.lproj/LaunchScreen.storyboard; sourceTree = "<group>"; };
		A9333D6C250D887000B8FE69 /* Info.plist */ = {isa = PBXFileReference; lastKnownFileType = text.plist.xml; path = Info.plist; sourceTree = "<group>"; };
		A9333D71250D887000B8FE69 /* HapticMetronomeTests.xctest */ = {isa = PBXFileReference; explicitFileType = wrapper.cfbundle; includeInIndex = 0; path = HapticMetronomeTests.xctest; sourceTree = BUILT_PRODUCTS_DIR; };
		A9333D75250D887000B8FE69 /* HapticMetronomeTests.swift */ = {isa = PBXFileReference; lastKnownFileType = sourcecode.swift; path = HapticMetronomeTests.swift; sourceTree = "<group>"; };
		A9333D77250D887000B8FE69 /* Info.plist */ = {isa = PBXFileReference; lastKnownFileType = text.plist.xml; path = Info.plist; sourceTree = "<group>"; };
/* End PBXFileReference section */

/* Begin PBXFrameworksBuildPhase section */
		A9333D58250D886D00B8FE69 /* Frameworks */ = {
			isa = PBXFrameworksBuildPhase;
			buildActionMask = 2147483647;
			files = (
			);
			runOnlyForDeploymentPostprocessing = 0;
		};
		A9333D6E250D887000B8FE69 /* Frameworks */ = {
			isa = PBXFrameworksBuildPhase;
			buildActionMask = 2147483647;
			files = (
			);
			runOnlyForDeploymentPostprocessing = 0;
		};
/* End PBXFrameworksBuildPhase section */

/* Begin PBXGroup section */
		A9333D52250D886D00B8FE69 = {
			isa = PBXGroup;
			children = (
				A9333D5D250D886D00B8FE69 /* HapticMetronome */,
				A9333D74250D887000B8FE69 /* HapticMetronomeTests */,
				A9333D5C250D886D00B8FE69 /* Products */,
			);
			sourceTree = "<group>";
		};
		A9333D5C250D886D00B8FE69 /* Products */ = {
			isa = PBXGroup;
			children = (
				A9333D5B250D886D00B8FE69 /* HapticMetronome.app */,
				A9333D71250D887000B8FE69 /* HapticMetronomeTests.xctest */,
			);
			name = Products;
			sourceTree = "<group>";
		};
		A9333D5D250D886D00B8FE69 /* HapticMetronome */ = {
			isa = PBXGroup;
			children = (
				A9333D5E250D886D00B8FE69 /* AppDelegate.swift */,
				A9333D60250D886D00B8FE69 /* SceneDelegate.swift */,
				A9333D62250D886D00B8FE69 /* ContentView.swift */,
				A9333D64250D887000B8FE69 /* Assets.xcassets */,
				A9333D69250D887000B8FE69 /* LaunchScreen.storyboard */,
				A9333D6C250D887000B8FE69 /* Info.plist */,
				A9333D66250D887000B8FE69 /* Preview Content */,
			);
			path = HapticMetronome;
			sourceTree = "<group>";
		};
		A9333D66250D887000B8FE69 /* Preview Content */ = {
			isa = PBXGroup;
			children = (
				A9333D67250D887000B8FE69 /* Preview Assets.xcassets */,
			);
			path = "Preview Content";
			sourceTree = "<group>";
		};
		A9333D74250D887000B8FE69 /* HapticMetronomeTests */ = {
			isa = PBXGroup;
			children = (
				A9333D75250D887000B8FE69 /* HapticMetronomeTests.swift */,
				A9333D77250D887000B8FE69 /* Info.plist */,
			);
			path = HapticMetronomeTests;
			sourceTree = "<group>";
		};
/* End PBXGroup section */

/* Begin PBXNativeTarget section */
		A9333D5A250D886D00B8FE69 /* HapticMetronome */ = {
			isa = PBXNativeTarget;
			buildConfigurationList = A9333D7A250D887000B8FE69 /* Build configuration list for PBXNativeTarget "HapticMetronome" */;
			buildPhases = (
				A9333D57250D886D00B8FE69 /* Sources */,
				A9333D58250D886D00B8FE69 /* Frameworks */,
				A9333D59250D886D00B8FE69 /* Resources */,
			);
			buildRules = (
			);
			dependencies = (
			);
			name = HapticMetronome;
			productName = HapticMetronome;
			productReference = A9333D5B250D886D00B8FE69 /* HapticMetronome.app */;
			productType = "com.apple.product-type.application";
		};
		A9333D70250D887000B8FE69 /* HapticMetronomeTests */ = {
			isa = PBXNativeTarget;
			buildConfigurationList = A9333D7D250D887000B8FE69 /* Build configuration list for PBXNativeTarget "HapticMetronomeTests" */;
			buildPhases = (
				A9333D6D250D887000B8FE69 /* Sources */,
				A9333D6E250D887000B8FE69 /* Frameworks */,
				A9333D6F250D887000B8FE69 /* Resources */,
			);
			buildRules = (
			);
			dependencies = (
				A9333D73250D887000B8FE69 /* PBXTargetDependency */,
			);
			name = HapticMetronomeTests;
			productName = HapticMetronomeTests;
			productReference = A9333D71250D887000B8FE69 /* HapticMetronomeTests.xctest */;
			productType = "com.apple.product-type.bundle.unit-test";
		};
/* End PBXNativeTarget section */

/* Begin PBXProject section */
		A9333D53250D886D00B8FE69 /* Project object */ = {
			isa = PBXProject;
			attributes = {
				LastSwiftUpdateCheck = 1170;
				LastUpgradeCheck = 1170;
				ORGANIZATIONNAME = "Juice Crawl";
				TargetAttributes = {
					A9333D5A250D886D00B8FE69 = {
						CreatedOnToolsVersion = 11.7;
					};
					A9333D70250D887000B8FE69 = {
						CreatedOnToolsVersion = 11.7;
						TestTargetID = A9333D5A250D886D00B8FE69;
					};
				};
			};
			buildConfigurationList = A9333D56250D886D00B8FE69 /* Build configuration list for PBXProject "HapticMetronome" */;
			compatibilityVersion = "Xcode 9.3";
			developmentRegion = en;
			hasScannedForEncodings = 0;
			knownRegions = (
				en,
				Base,
			);
			mainGroup = A9333D52250D886D00B8FE69;
			productRefGroup = A9333D5C250D886D00B8FE69 /* Products */;
			projectDirPath = "";
			projectRoot = "";
			targets = (
				A9333D5A250D886D00B8FE69 /* HapticMetronome */,
				A9333D70250D887000B8FE69 /* HapticMetronomeTests */,
			);
		};
/* End PBXProject section */

/* Begin PBXResourcesBuildPhase section */
		A9333D59250D886D00B8FE69 /* Resources */ = {
			isa = PBXResourcesBuildPhase;
			buildActionMask = 2147483647;
			files = (
				A9333D6B250D887000B8FE69 /* LaunchScreen.storyboard in Resources */,
				A9333D68250D887000B8FE69 /* Preview Assets.xcassets in Resources */,
				A9333D65250D887000B8FE69 /* Assets.xcassets in Resources */,
			);
			runOnlyForDeploymentPostprocessing = 0;
		};
		A9333D6F250D887000B8FE69 /* Resources */ = {
			isa = PBXResourcesBuildPhase;
			buildActionMask = 2147483647;
			files = (
			);
			runOnlyForDeploymentPostprocessing = 0;
		};
/* End PBXResourcesBuildPhase section */

/* Begin PBXSourcesBuildPhase section */
		A9333D57250D886D00B8FE69 /* Sources */ = {
			isa = PBXSourcesBuildPhase;
			buildActionMask = 2147483647;
			files = (
				A9333D5F250D886D00B8FE69 /* AppDelegate.swift in Sources */,
				A9333D61250D886D00B8FE69 /* SceneDelegate.swift in Sources */,
				A9333D63250D886D00B8FE69 /* ContentView.swift in Sources */,
			);
			runOnlyForDeploymentPostprocessing = 0;
		};
		A9333D6D250D887000B8FE69 /* Sources */ = {
			isa = PBXSourcesBuildPhase;
			buildActionMask = 2147483647;
			files = (
				A9333D76250D887000B8FE69 /* HapticMetronomeTests.swift in Sources */,
			);
			runOnlyForDeploymentPostprocessing = 0;
		};
/* End PBXSourcesBuildPhase section */

/* Begin PBXTargetDependency section */
		A9333D73250D887000B8FE69 /* PBXTargetDependency */ = {
			isa = PBXTargetDependency;
			target = A9333D5A250D886D00B8FE69 /* HapticMetronome */;
			targetProxy = A9333D72250D887000B8FE69 /* PBXContainerItemProxy */;
		};
/* End PBXTargetDependency section */

/* Begin PBXVariantGroup section */
		A9333D69250D887000B8FE69 /* LaunchScreen.storyboard */ = {
			isa = PBXVariantGroup;
			children = (
				A9333D6A250D887000B8FE69 /* Base */,
			);
			name = LaunchScreen.storyboard;
			sourceTree = "<group>";
		};
/* End PBXVariantGroup section */

/* Begin XCBuildConfiguration section */
		A9333D78250D887000B8FE69 /* Debug */ = {
			isa = XCBuildConfiguration;
			buildSettings = {
				ALWAYS_SEARCH_USER_PATHS = NO;
				CLANG_ANALYZER_NONNULL = YES;
				CLANG_ANALYZER_NUMBER_OBJECT_CONVERSION = YES_AGGRESSIVE;
				CLANG_CXX_LANGUAGE_STANDARD = "gnu++14";
				CLANG_CXX_LIBRARY = "libc++";
				CLANG_ENABLE_MODULES = YES;
				CLANG_ENABLE_OBJC_ARC = YES;
				CLANG_ENABLE_OBJC_WEAK = YES;
				CLANG_WARN_BLOCK_CAPTURE_AUTORELEASING = YES;
				CLANG_WARN_BOOL_CONVERSION = YES;
				CLANG_WARN_COMMA = YES;
				CLANG_WARN_CONSTANT_CONVERSION = YES;
				CLANG_WARN_DEPRECATED_OBJC_IMPLEMENTATIONS = YES;
				CLANG_WARN_DIRECT_OBJC_ISA_USAGE = YES_ERROR;
				CLANG_WARN_DOCUMENTATION_COMMENTS = YES;
				CLANG_WARN_EMPTY_BODY = YES;
				CLANG_WARN_ENUM_CONVERSION = YES;
				CLANG_WARN_INFINITE_RECURSION = YES;
				CLANG_WARN_INT_CONVERSION = YES;
				CLANG_WARN_NON_LITERAL_NULL_CONVERSION = YES;
				CLANG_WARN_OBJC_IMPLICIT_RETAIN_SELF = YES;
				CLANG_WARN_OBJC_LITERAL_CONVERSION = YES;
				CLANG_WARN_OBJC_ROOT_CLASS = YES_ERROR;
				CLANG_WARN_RANGE_LOOP_ANALYSIS = YES;
				CLANG_WARN_STRICT_PROTOTYPES = YES;
				CLANG_WARN_SUSPICIOUS_MOVE = YES;
				CLANG_WARN_UNGUARDED_AVAILABILITY = YES_AGGRESSIVE;
				CLANG_WARN_UNREACHABLE_CODE = YES;
				CLANG_WARN__DUPLICATE_METHOD_MATCH = YES;
				COPY_PHASE_STRIP = NO;
				DEBUG_INFORMATION_FORMAT = dwarf;
				ENABLE_STRICT_OBJC_MSGSEND = YES;
				ENABLE_TESTABILITY = YES;
				GCC_C_LANGUAGE_STANDARD = gnu11;
				GCC_DYNAMIC_NO_PIC = NO;
				GCC_NO_COMMON_BLOCKS = YES;
				GCC_OPTIMIZATION_LEVEL = 0;
				GCC_PREPROCESSOR_DEFINITIONS = (
					"DEBUG=1",
					"$(inherited)",
				);
				GCC_WARN_64_TO_32_BIT_CONVERSION = YES;
				GCC_WARN_ABOUT_RETURN_TYPE = YES_ERROR;
				GCC_WARN_UNDECLARED_SELECTOR = YES;
				GCC_WARN_UNINITIALIZED_AUTOS = YES_AGGRESSIVE;
				GCC_WARN_UNUSED_FUNCTION = YES;
				GCC_WARN_UNUSED_VARIABLE = YES;
				IPHONEOS_DEPLOYMENT_TARGET = 13.7;
				MTL_ENABLE_DEBUG_INFO = INCLUDE_SOURCE;
				MTL_FAST_MATH = YES;
				ONLY_ACTIVE_ARCH = YES;
				SDKROOT = iphoneos;
				SWIFT_ACTIVE_COMPILATION_CONDITIONS = DEBUG;
				SWIFT_OPTIMIZATION_LEVEL = "-Onone";
			};
			name = Debug;
		};
		A9333D79250D887000B8FE69 /* Release */ = {
			isa = XCBuildConfiguration;
			buildSettings = {
				ALWAYS_SEARCH_USER_PATHS = NO;
				CLANG_ANALYZER_NONNULL = YES;
				CLANG_ANALYZER_NUMBER_OBJECT_CONVERSION = YES_AGGRESSIVE;
				CLANG_CXX_LANGUAGE_STANDARD = "gnu++14";
				CLANG_CXX_LIBRARY = "libc++";
				CLANG_ENABLE_MODULES = YES;
				CLANG_ENABLE_OBJC_ARC = YES;
				CLANG_ENABLE_OBJC_WEAK = YES;
				CLANG_WARN_BLOCK_CAPTURE_AUTORELEASING = YES;
				CLANG_WARN_BOOL_CONVERSION = YES;
				CLANG_WARN_COMMA = YES;
				CLANG_WARN_CONSTANT_CONVERSION = YES;
				CLANG_WARN_DEPRECATED_OBJC_IMPLEMENTATIONS = YES;
				CLANG_WARN_DIRECT_OBJC_ISA_USAGE = YES_ERROR;
				CLANG_WARN_DOCUMENTATION_COMMENTS = YES;
				CLANG_WARN_EMPTY_BODY = YES;
				CLANG_WARN_ENUM_CONVERSION = YES;
				CLANG_WARN_INFINITE_RECURSION = YES;
				CLANG_WARN_INT_CONVERSION = YES;
				CLANG_WARN_NON_LITERAL_NULL_CONVERSION = YES;
				CLANG_WARN_OBJC_IMPLICIT_RETAIN_SELF = YES;
				CLANG_WARN_OBJC_LITERAL_CONVERSION = YES;
				CLANG_WARN_OBJC_ROOT_CLASS = YES_ERROR;
				CLANG_WARN_RANGE_LOOP_ANALYSIS = YES;
				CLANG_WARN_STRICT_PROTOTYPES = YES;
				CLANG_WARN_SUSPICIOUS_MOVE = YES;
				CLANG_WARN_UNGUARDED_AVAILABILITY = YES_AGGRESSIVE;
				CLANG_WARN_UNREACHABLE_CODE = YES;
				CLANG_WARN__DUPLICATE_METHOD_MATCH = YES;
				COPY_PHASE_STRIP = NO;
				DEBUG_INFORMATION_FORMAT = "dwarf-with-dsym";
				ENABLE_NS_ASSERTIONS = NO;
				ENABLE_STRICT_OBJC_MSGSEND = YES;
				GCC_C_LANGUAGE_STANDARD = gnu11;
				GCC_NO_COMMON_BLOCKS = YES;
				GCC_WARN_64_TO_32_BIT_CONVERSION = YES;
				GCC_WARN_ABOUT_RETURN_TYPE = YES_ERROR;
				GCC_WARN_UNDECLARED_SELECTOR = YES;
				GCC_WARN_UNINITIALIZED_AUTOS = YES_AGGRESSIVE;
				GCC_WARN_UNUSED_FUNCTION = YES;
				GCC_WARN_UNUSED_VARIABLE = YES;
				IPHONEOS_DEPLOYMENT_TARGET = 13.7;
				MTL_ENABLE_DEBUG_INFO = NO;
				MTL_FAST_MATH = YES;
				SDKROOT = iphoneos;
				SWIFT_COMPILATION_MODE = wholemodule;
				SWIFT_OPTIMIZATION_LEVEL = "-O";
				VALIDATE_PRODUCT = YES;
			};
			name = Release;
		};
		A9333D7B250D887000B8FE69 /* Debug */ = {
			isa = XCBuildConfiguration;
			buildSettings = {
				ASSETCATALOG_COMPILER_APPICON_NAME = AppIcon;
				CODE_SIGN_STYLE = Automatic;
				DEVELOPMENT_ASSET_PATHS = "\"HapticMetronome/Preview Content\"";
				DEVELOPMENT_TEAM = QU5XHRZES9;
				ENABLE_PREVIEWS = YES;
				INFOPLIST_FILE = HapticMetronome/Info.plist;
				LD_RUNPATH_SEARCH_PATHS = (
					"$(inherited)",
					"@executable_path/Frameworks",
				);
				PRODUCT_BUNDLE_IDENTIFIER = com.juicecrawl.HapticMetronome;
				PRODUCT_NAME = "$(TARGET_NAME)";
				SWIFT_VERSION = 5.0;
				TARGETED_DEVICE_FAMILY = "1,2";
			};
			name = Debug;
		};
		A9333D7C250D887000B8FE69 /* Release */ = {
			isa = XCBuildConfiguration;
			buildSettings = {
				ASSETCATALOG_COMPILER_APPICON_NAME = AppIcon;
				CODE_SIGN_STYLE = Automatic;
				DEVELOPMENT_ASSET_PATHS = "\"HapticMetronome/Preview Content\"";
				DEVELOPMENT_TEAM = QU5XHRZES9;
				ENABLE_PREVIEWS = YES;
				INFOPLIST_FILE = HapticMetronome/Info.plist;
				LD_RUNPATH_SEARCH_PATHS = (
					"$(inherited)",
					"@executable_path/Frameworks",
				);
				PRODUCT_BUNDLE_IDENTIFIER = com.juicecrawl.HapticMetronome;
				PRODUCT_NAME = "$(TARGET_NAME)";
				SWIFT_VERSION = 5.0;
				TARGETED_DEVICE_FAMILY = "1,2";
			};
			name = Release;
		};
		A9333D7E250D887000B8FE69 /* Debug */ = {
			isa = XCBuildConfiguration;
			buildSettings = {
				ALWAYS_EMBED_SWIFT_STANDARD_LIBRARIES = YES;
				BUNDLE_LOADER = "$(TEST_HOST)";
				CODE_SIGN_STYLE = Automatic;
				DEVELOPMENT_TEAM = QU5XHRZES9;
				INFOPLIST_FILE = HapticMetronomeTests/Info.plist;
				IPHONEOS_DEPLOYMENT_TARGET = 13.7;
				LD_RUNPATH_SEARCH_PATHS = (
					"$(inherited)",
					"@executable_path/Frameworks",
					"@loader_path/Frameworks",
				);
				PRODUCT_BUNDLE_IDENTIFIER = com.juicecrawl.HapticMetronomeTests;
				PRODUCT_NAME = "$(TARGET_NAME)";
				SWIFT_VERSION = 5.0;
				TARGETED_DEVICE_FAMILY = "1,2";
				TEST_HOST = "$(BUILT_PRODUCTS_DIR)/HapticMetronome.app/HapticMetronome";
			};
			name = Debug;
		};
		A9333D7F250D887000B8FE69 /* Release */ = {
			isa = XCBuildConfiguration;
			buildSettings = {
				ALWAYS_EMBED_SWIFT_STANDARD_LIBRARIES = YES;
				BUNDLE_LOADER = "$(TEST_HOST)";
				CODE_SIGN_STYLE = Automatic;
				DEVELOPMENT_TEAM = QU5XHRZES9;
				INFOPLIST_FILE = HapticMetronomeTests/Info.plist;
				IPHONEOS_DEPLOYMENT_TARGET = 13.7;
				LD_RUNPATH_SEARCH_PATHS = (
					"$(inherited)",
					"@executable_path/Frameworks",
					"@loader_path/Frameworks",
				);
				PRODUCT_BUNDLE_IDENTIFIER = com.juicecrawl.HapticMetronomeTests;
				PRODUCT_NAME = "$(TARGET_NAME)";
				SWIFT_VERSION = 5.0;
				TARGETED_DEVICE_FAMILY = "1,2";
				TEST_HOST = "$(BUILT_PRODUCTS_DIR)/HapticMetronome.app/HapticMetronome";
			};
			name = Release;
		};
/* End XCBuildConfiguration section */

/* Begin XCConfigurationList section */
		A9333D56250D886D00B8FE69 /* Build configuration list for PBXProject "HapticMetronome" */ = {
			isa = XCConfigurationList;
			buildConfigurations = (
				A9333D78250D887000B8FE69 /* Debug */,
				A9333D79250D887000B8FE69 /* Release */,
			);
			defaultConfigurationIsVisible = 0;
			defaultConfigurationName = Release;
		};
		A9333D7A250D887000B8FE69 /* Build configuration list for PBXNativeTarget "HapticMetronome" */ = {
			isa = XCConfigurationList;
			buildConfigurations = (
				A9333D7B250D887000B8FE69 /* Debug */,
				A9333D7C250D887000B8FE69 /* Release */,
			);
			defaultConfigurationIsVisible = 0;
			defaultConfigurationName = Release;
		};
		A9333D7D250D887000B8FE69 /* Build configuration list for PBXNativeTarget "HapticMetronomeTests" */ = {
			isa = XCConfigurationList;
			buildConfigurations = (
				A9333D7E250D887000B8FE69 /* Debug */,
				A9333D7F250D887000B8FE69 /* Release */,
			);
			defaultConfigurationIsVisible = 0;
			defaultConfigurationName = Release;
		};
/* End XCConfigurationList section */
	};
	rootObject = A9333D53250D886D00B8FE69 /* Project object */;
}
